
Microsoft Visual Studio Solution File, Format Version 12.00
# Visual Studio Version 17
VisualStudioVersion = 17.6.33829.357
MinimumVisualStudioVersion = 10.0.40219.1
Project("{9A19103F-16F7-4668-BE54-9A1E7A4F7556}") = "Store", "Store\Store.csproj", "{8D973FC4-107F-4ABC-B576-38284BDEDF48}"
EndProject
Project("{E53339B2-1760-4266-BCC7-CA923CBCF16C}") = "docker-compose", "docker-compose.dcproj", "{EE5DF16C-84E3-4F13-A608-1025F00254B7}"
EndProject
Global
	GlobalSection(SolutionConfigurationPlatforms) = preSolution
		Debug|Any CPU = Debug|Any CPU
		Release|Any CPU = Release|Any CPU
	EndGlobalSection
	GlobalSection(ProjectConfigurationPlatforms) = postSolution
		{8D973FC4-107F-4ABC-B576-38284BDEDF48}.Debug|Any CPU.ActiveCfg = Debug|Any CPU
		{8D973FC4-107F-4ABC-B576-38284BDEDF48}.Debug|Any CPU.Build.0 = Debug|Any CPU
		{8D973FC4-107F-4ABC-B576-38284BDEDF48}.Release|Any CPU.ActiveCfg = Release|Any CPU
		{8D973FC4-107F-4ABC-B576-38284BDEDF48}.Release|Any CPU.Build.0 = Release|Any CPU
		{EE5DF16C-84E3-4F13-A608-1025F00254B7}.Debug|Any CPU.ActiveCfg = Debug|Any CPU
		{EE5DF16C-84E3-4F13-A608-1025F00254B7}.Debug|Any CPU.Build.0 = Debug|Any CPU
		{EE5DF16C-84E3-4F13-A608-1025F00254B7}.Release|Any CPU.ActiveCfg = Release|Any CPU
		{EE5DF16C-84E3-4F13-A608-1025F00254B7}.Release|Any CPU.Build.0 = Release|Any CPU
	EndGlobalSection
	GlobalSection(SolutionProperties) = preSolution
		HideSolutionNode = FALSE
	EndGlobalSection
	GlobalSection(ExtensibilityGlobals) = postSolution
		SolutionGuid = {EB0ADF74-638A-4B3D-B266-36D32ECEDDDF}
	EndGlobalSection
EndGlobal
